<?xml version="1.0" encoding="utf-8"?>
<Project ToolsVersion="4.0" xmlns="http://schemas.microsoft.com/developer/msbuild/2003">
  <ItemGroup>
    <Filter Include="Source Files">
      <UniqueIdentifier>{790d4549-2b69-4d13-8c69-24317c8757ed}</UniqueIdentifier>
      <Extensions>cpp;c;cxx;rc;def;r;odl;idl;hpj;bat</Extensions>
    </Filter>
    <Filter Include="Header Files">
      <UniqueIdentifier>{f4464ec3-4cd8-4496-a5e6-005b324f5362}</UniqueIdentifier>
      <Extensions>h;hpp;hxx;hm;inl</Extensions>
    </Filter>
    <Filter Include="Resource Files">
      <UniqueIdentifier>{335ee318-cd60-4570-84c8-b57cef97c96b}</UniqueIdentifier>
      <Extensions>ico;cur;bmp;dlg;rc2;rct;bin;rgs;gif;jpg;jpeg;jpe</Extensions>
    </Filter>
    <Filter Include="Lib">
      <UniqueIdentifier>{c1dede2d-0a1b-4709-884e-776e4d1cbdb7}</UniqueIdentifier>
    </Filter>
    <Filter Include="Lib\TonyJpegLib">
      <UniqueIdentifier>{663fd5d9-150e-440b-96b5-cde6190630ab}</UniqueIdentifier>
    </Filter>
    <Filter Include="Lib\CreateMovie">
      <UniqueIdentifier>{88ba1679-c499-4ca4-80f2-e70c6be9f1a0}</UniqueIdentifier>
    </Filter>
  </ItemGroup>
  <ItemGroup>
    <ClCompile Include="Capture.cpp">
      <Filter>Source Files</Filter>
    </ClCompile>
    <ClCompile Include="CaptureDlg.cpp">
      <Filter>Source Files</Filter>
    </ClCompile>
    <ClCompile Include="StdAfx.cpp">
      <Filter>Source Files</Filter>
    </ClCompile>
    <ClCompile Include="TonyJpegLib\DIB.cpp">
      <Filter>Lib\TonyJpegLib</Filter>
    </ClCompile>
    <ClCompile Include="TonyJpegLib\Jpegfile.cpp">
      <Filter>Lib\TonyJpegLib</Filter>
    </ClCompile>
    <ClCompile Include="TonyJpegLib\MiniJpegDec.cpp">
      <Filter>Lib\TonyJpegLib</Filter>
    </ClCompile>
    <ClCompile Include="TonyJpegLib\MiniJpegEnc.cpp">
      <Filter>Lib\TonyJpegLib</Filter>
    </ClCompile>
    <ClCompile Include="TonyJpegLib\TonyJpegDecoder.cpp">
      <Filter>Lib\TonyJpegLib</Filter>
    </ClCompile>
    <ClCompile Include="TonyJpegLib\TonyJpegEncoder.cpp">
      <Filter>Lib\TonyJpegLib</Filter>
    </ClCompile>
    <ClCompile Include="CreateMovie\AviFile.cpp">
      <Filter>Lib\CreateMovie</Filter>
    </ClCompile>
    <ClCompile Include="CreateMovie\wmvFile.cpp">
      <Filter>Lib\CreateMovie</Filter>
    </ClCompile>
  </ItemGroup>
  <ItemGroup>
    <ResourceCompile Include="Capture.rc">
      <Filter>Source Files</Filter>
    </ResourceCompile>
  </ItemGroup>
  <ItemGroup>
    <ClInclude Include="Capture.h">
      <Filter>Header Files</Filter>
    </ClInclude>
    <ClInclude Include="CaptureDlg.h">
      <Filter>Header Files</Filter>
    </ClInclude>
    <ClInclude Include="Resource.h">
      <Filter>Header Files</Filter>
    </ClInclude>
    <ClInclude Include="StdAfx.h">
      <Filter>Header Files</Filter>
    </ClInclude>
    <ClInclude Include="TonyJpegLib\DIB.h">
      <Filter>Lib\TonyJpegLib</Filter>
    </ClInclude>
    <ClInclude Include="TonyJpegLib\Jpegfile.h">
      <Filter>Lib\TonyJpegLib</Filter>
    </ClInclude>
    <ClInclude Include="TonyJpegLib\MiniJpegDec.h">
      <Filter>Lib\TonyJpegLib</Filter>
    </ClInclude>
    <ClInclude Include="TonyJpegLib\MiniJpegEnc.h">
      <Filter>Lib\TonyJpegLib</Filter>
    </ClInclude>
    <ClInclude Include="TonyJpegLib\TonyJpegDecoder.h">
      <Filter>Lib\TonyJpegLib</Filter>
    </ClInclude>
    <ClInclude Include="TonyJpegLib\TonyJpegEncoder.h">
      <Filter>Lib\TonyJpegLib</Filter>
    </ClInclude>
    <ClInclude Include="CreateMovie\AviFile.h">
      <Filter>Lib\CreateMovie</Filter>
    </ClInclude>
    <ClInclude Include="CreateMovie\wmvFile.h">
      <Filter>Lib\CreateMovie</Filter>
    </ClInclude>
    <ClInclude Include="CreateMovie\StdAfx.h">
      <Filter>Lib\CreateMovie</Filter>
    </ClInclude>
  </ItemGroup>
  <ItemGroup>
    <Image Include="res\Capture.ico">
      <Filter>Resource Files</Filter>
    </Image>
  </ItemGroup>
  <ItemGroup>
    <None Include="res\Capture.rc2">
      <Filter>Resource Files</Filter>
    </None>
  </ItemGroup>
</Project>