<?xml version="1.0" encoding="utf-8"?>
<Project ToolsVersion="4.0" xmlns="http://schemas.microsoft.com/developer/msbuild/2003">
  <ItemGroup>
    <Filter Include="Source">
      <UniqueIdentifier>{5b632eba-1d06-42b5-afef-ecd13bc7718e}</UniqueIdentifier>
      <Extensions>*.c</Extensions>
    </Filter>
    <Filter Include="Headers">
      <UniqueIdentifier>{0387c63e-b771-4d7e-94c4-fa193fac29c5}</UniqueIdentifier>
      <Extensions>*.h</Extensions>
    </Filter>
  </ItemGroup>
  <ItemGroup>
    <ClCompile Include="Jcapimin.c">
      <Filter>Source</Filter>
    </ClCompile>
    <ClCompile Include="Jcapistd.c">
      <Filter>Source</Filter>
    </ClCompile>
    <ClCompile Include="Jccoefct.c">
      <Filter>Source</Filter>
    </ClCompile>
    <ClCompile Include="Jccolor.c">
      <Filter>Source</Filter>
    </ClCompile>
    <ClCompile Include="Jcdctmgr.c">
      <Filter>Source</Filter>
    </ClCompile>
    <ClCompile Include="Jchuff.c">
      <Filter>Source</Filter>
    </ClCompile>
    <ClCompile Include="Jcinit.c">
      <Filter>Source</Filter>
    </ClCompile>
    <ClCompile Include="Jcmainct.c">
      <Filter>Source</Filter>
    </ClCompile>
    <ClCompile Include="Jcmarker.c">
      <Filter>Source</Filter>
    </ClCompile>
    <ClCompile Include="Jcmaster.c">
      <Filter>Source</Filter>
    </ClCompile>
    <ClCompile Include="Jcomapi.c">
      <Filter>Source</Filter>
    </ClCompile>
    <ClCompile Include="Jcparam.c">
      <Filter>Source</Filter>
    </ClCompile>
    <ClCompile Include="Jcphuff.c">
      <Filter>Source</Filter>
    </ClCompile>
    <ClCompile Include="Jcprepct.c">
      <Filter>Source</Filter>
    </ClCompile>
    <ClCompile Include="Jcsample.c">
      <Filter>Source</Filter>
    </ClCompile>
    <ClCompile Include="Jctrans.c">
      <Filter>Source</Filter>
    </ClCompile>
    <ClCompile Include="Jdapimin.c">
      <Filter>Source</Filter>
    </ClCompile>
    <ClCompile Include="Jdapistd.c">
      <Filter>Source</Filter>
    </ClCompile>
    <ClCompile Include="Jdatadst.c">
      <Filter>Source</Filter>
    </ClCompile>
    <ClCompile Include="Jdatasrc.c">
      <Filter>Source</Filter>
    </ClCompile>
    <ClCompile Include="Jdcoefct.c">
      <Filter>Source</Filter>
    </ClCompile>
    <ClCompile Include="Jdcolor.c">
      <Filter>Source</Filter>
    </ClCompile>
    <ClCompile Include="Jddctmgr.c">
      <Filter>Source</Filter>
    </ClCompile>
    <ClCompile Include="Jdhuff.c">
      <Filter>Source</Filter>
    </ClCompile>
    <ClCompile Include="Jdinput.c">
      <Filter>Source</Filter>
    </ClCompile>
    <ClCompile Include="Jdmainct.c">
      <Filter>Source</Filter>
    </ClCompile>
    <ClCompile Include="Jdmarker.c">
      <Filter>Source</Filter>
    </ClCompile>
    <ClCompile Include="Jdmaster.c">
      <Filter>Source</Filter>
    </ClCompile>
    <ClCompile Include="Jdmerge.c">
      <Filter>Source</Filter>
    </ClCompile>
    <ClCompile Include="Jdphuff.c">
      <Filter>Source</Filter>
    </ClCompile>
    <ClCompile Include="Jdpostct.c">
      <Filter>Source</Filter>
    </ClCompile>
    <ClCompile Include="Jdsample.c">
      <Filter>Source</Filter>
    </ClCompile>
    <ClCompile Include="Jdtrans.c">
      <Filter>Source</Filter>
    </ClCompile>
    <ClCompile Include="Jerror.c">
      <Filter>Source</Filter>
    </ClCompile>
    <ClCompile Include="Jfdctflt.c">
      <Filter>Source</Filter>
    </ClCompile>
    <ClCompile Include="Jfdctfst.c">
      <Filter>Source</Filter>
    </ClCompile>
    <ClCompile Include="Jfdctint.c">
      <Filter>Source</Filter>
    </ClCompile>
    <ClCompile Include="Jidctflt.c">
      <Filter>Source</Filter>
    </ClCompile>
    <ClCompile Include="Jidctfst.c">
      <Filter>Source</Filter>
    </ClCompile>
    <ClCompile Include="Jidctint.c">
      <Filter>Source</Filter>
    </ClCompile>
    <ClCompile Include="Jidctred.c">
      <Filter>Source</Filter>
    </ClCompile>
    <ClCompile Include="Jmemmgr.c">
      <Filter>Source</Filter>
    </ClCompile>
    <ClCompile Include="Jmemnobs.c">
      <Filter>Source</Filter>
    </ClCompile>
    <ClCompile Include="Jpegtran.c">
      <Filter>Source</Filter>
    </ClCompile>
    <ClCompile Include="Jquant1.c">
      <Filter>Source</Filter>
    </ClCompile>
    <ClCompile Include="Jquant2.c">
      <Filter>Source</Filter>
    </ClCompile>
    <ClCompile Include="Jutils.c">
      <Filter>Source</Filter>
    </ClCompile>
  </ItemGroup>
  <ItemGroup>
    <ClInclude Include="Cderror.h">
      <Filter>Headers</Filter>
    </ClInclude>
    <ClInclude Include="Cdjpeg.h">
      <Filter>Headers</Filter>
    </ClInclude>
    <ClInclude Include="Jchuff.h">
      <Filter>Headers</Filter>
    </ClInclude>
    <ClInclude Include="Jconfig.h">
      <Filter>Headers</Filter>
    </ClInclude>
    <ClInclude Include="Jdct.h">
      <Filter>Headers</Filter>
    </ClInclude>
    <ClInclude Include="Jdhuff.h">
      <Filter>Headers</Filter>
    </ClInclude>
    <ClInclude Include="Jerror.h">
      <Filter>Headers</Filter>
    </ClInclude>
    <ClInclude Include="Jinclude.h">
      <Filter>Headers</Filter>
    </ClInclude>
    <ClInclude Include="Jmemsys.h">
      <Filter>Headers</Filter>
    </ClInclude>
    <ClInclude Include="Jmorecfg.h">
      <Filter>Headers</Filter>
    </ClInclude>
    <ClInclude Include="Jpegint.h">
      <Filter>Headers</Filter>
    </ClInclude>
    <ClInclude Include="Jpeglib.h">
      <Filter>Headers</Filter>
    </ClInclude>
    <ClInclude Include="Jversion.h">
      <Filter>Headers</Filter>
    </ClInclude>
  </ItemGroup>
</Project>