
Microsoft Visual Studio Solution File, Format Version 12.00
# Visual Studio Version 16
VisualStudioVersion = 16.0.30128.74
MinimumVisualStudioVersion = 10.0.40219.1
Project("{8BC9CEB8-8B4A-11D0-8D11-00A0C91BC942}") = "JpegLib", "JpegLib.vcxproj", "{43FE72A5-F3A8-4985-A21A-411213D7BF0D}"
EndProject
Global
	GlobalSection(SolutionConfigurationPlatforms) = preSolution
		Debug|x86 = Debug|x86
		Release|x86 = Release|x86
	EndGlobalSection
	GlobalSection(ProjectConfigurationPlatforms) = postSolution
		{43FE72A5-F3A8-4985-A21A-411213D7BF0D}.Debug|x86.ActiveCfg = Debug|Win32
		{43FE72A5-F3A8-4985-A21A-411213D7BF0D}.Debug|x86.Build.0 = Debug|Win32
		{43FE72A5-F3A8-4985-A21A-411213D7BF0D}.Release|x86.ActiveCfg = Release|Win32
		{43FE72A5-F3A8-4985-A21A-411213D7BF0D}.Release|x86.Build.0 = Release|Win32
	EndGlobalSection
	GlobalSection(SolutionProperties) = preSolution
		HideSolutionNode = FALSE
	EndGlobalSection
	GlobalSection(ExtensibilityGlobals) = postSolution
		SolutionGuid = {60A625B6-2EA4-46E4-8E93-F14EEFE76619}
	EndGlobalSection
EndGlobal
